// !$*UTF8*$!
{
	archiveVersion = 1;
	classes = {
	};
	objectVersion = 46;
	objects = {

/* Begin PBXAggregateTarget section */
		47E9D8289A78DCE4189F463D /* Argotlunar - All */ = {
			isa = PBXAggregateTarget;
			buildConfigurationList = 367072FF74D9DDE8FD7B32E9;
			buildPhases = (
				85BC04929A0C0FBDBF2311BB,
			);
			dependencies = (
				293F64177E0F36CD0C851401,
			);
			name = "Argotlunar - All";
			productName = Argotlunar;
		};
/* End PBXAggregateTarget section */

/* Begin PBXBuildFile section */
		0AFF00C2AC3D6037CDA499F0 /* CombFilter.cpp */ = {isa = PBXBuildFile; fileRef = B65D7BC5EAA649236AA81A91; };
		0D04E8A0E2E13E3B90E0FC6D /* TimeQuantizer.cpp */ = {isa = PBXBuildFile; fileRef = DD41E0FDA78E3BAAC4DB5230; };
		1EBD18BDC078702EE8094C77 /* include_juce_audio_basics.mm */ = {isa = PBXBuildFile; fileRef = 78B1955A6382A7E404907194; };
		303F14C427FAFB7670986799 /* CoreAudio.framework */ = {isa = PBXBuildFile; fileRef = EF318A30E709F8C266E19F65; };
		30B6842C819735EFF64EC2DB /* Plugin.cpp */ = {isa = PBXBuildFile; fileRef = BA97AA133782E6266CF10F5A; };
		394629F4E9CF741D6ABC2945 /* PluginEditor.cpp */ = {isa = PBXBuildFile; fileRef = 4BF8D8D83DEA622701E3CCA4; };
		44ABA05EC88D3A530C26597C /* include_juce_audio_formats.mm */ = {isa = PBXBuildFile; fileRef = 0D4DED13B458569D600EF040; };
		4AE0DA7506AD0A2C82BB79E8 /* include_juce_graphics.mm */ = {isa = PBXBuildFile; fileRef = 5EB8D2EE2443FB4AC621C998; };
		547EDF123D2B17E092F08D3B /* Program.cpp */ = {isa = PBXBuildFile; fileRef = 2740F061C23E078BF369B19F; };
		59543C397DBCBF2E885DBF31 /* include_juce_audio_processors.mm */ = {isa = PBXBuildFile; fileRef = 5EE9063A711BA1D057973208; };
		5E3CEC67240FA355138FB55D /* include_juce_data_structures.mm */ = {isa = PBXBuildFile; fileRef = B340BF29F54DC19DED04A14C; };
		62DD1F4EA1FCDC99B06781A8 /* Filter.cpp */ = {isa = PBXBuildFile; fileRef = 5EC02E1DA218D49EBC242ED7; };
		6481D2528DE44B4A45555D26 /* GrainParametersGenerator.cpp */ = {isa = PBXBuildFile; fileRef = E4909EB809B70E98D33BB65F; };
		70DC380D91D33FE443768020 /* CoreText.framework */ = {isa = PBXBuildFile; fileRef = 9F2DB9F630281166381CC8C6; };
		774F487BA6490E0DF7C471E0 /* include_juce_audio_plugin_client_VST_utils.mm */ = {isa = PBXBuildFile; fileRef = 13647E827ED726F377738FDF; };
		78AE15390E133FBC3B79EF8C /* Parameters.cpp */ = {isa = PBXBuildFile; fileRef = A749EF6974314AE6DADE00B7; };
		7BF5E0EE5C8DCB2D474EFE74 /* ProgramBank.cpp */ = {isa = PBXBuildFile; fileRef = 056B5F44BB05660F2D117957; };
		86D1432CF74071435D9320DC /* include_juce_core.mm */ = {isa = PBXBuildFile; fileRef = 2760F5DF0A701EF26AB23A32; };
		8B1D525EC893AE1AAC26A5D5 /* CoreImage.framework */ = {isa = PBXBuildFile; fileRef = D4B03B850A54655F1B7FCF77; };
		8F70B0263E4FAA3E6DDCDB4E /* UIKit.framework */ = {isa = PBXBuildFile; fileRef = 75B6890DE36B9888369CD4A4; };
		942C048B3C20BA1931E02D0E /* Envelope.cpp */ = {isa = PBXBuildFile; fileRef = 67111838C24F1F7474236601; };
		945CF3154579954346903546 /* include_juce_audio_devices.mm */ = {isa = PBXBuildFile; fileRef = BE76BAD3BDF042D382C026D0; };
		9707C8A4BA8CEC6E4531E850 /* include_juce_gui_extra.mm */ = {isa = PBXBuildFile; fileRef = 512DA864C7483BE4724B2185; };
		973102F84B758E176E19008E /* CoreMIDI.framework */ = {isa = PBXBuildFile; fileRef = F8ABB34A58CED7A3ADB02626; };
		9EBCEB403663364FEF61AEE9 /* Foundation.framework */ = {isa = PBXBuildFile; fileRef = 85CBB34E78E3FC822F796F80; };
		A107BD4FFAD032D339955471 /* include_juce_audio_plugin_client_utils.cpp */ = {isa = PBXBuildFile; fileRef = 3C8B64591B7EC9EA223E1CBD; };
		A1A390C593CE5EA8E336264E /* CoreGraphics.framework */ = {isa = PBXBuildFile; fileRef = 74CD6D8A720A4FE8189464B7; };
		A4A65B591EECAF0BAA0AEE4D /* Shared Code */ = {isa = PBXBuildFile; fileRef = DD2351676870D1DD72D7D44C; };
		B4A36D4CCF784D73021732B0 /* Grain.cpp */ = {isa = PBXBuildFile; fileRef = AD93616A0CE89DEE62BC8742; };
		BA235138F579D1D08D7CA046 /* AVFoundation.framework */ = {isa = PBXBuildFile; fileRef = 86710B9CC8D4323CD156A87A; };
		BC67C25FCF69F71FA2B51388 /* DelayLine.cpp */ = {isa = PBXBuildFile; fileRef = 07C4A97DAD7DA2D8CEE40232; };
		BCB846D2BD8823D831A1EE56 /* LaunchScreen.storyboard */ = {isa = PBXBuildFile; fileRef = 6A96D522CD7C4703ABB4F750; };
		C69D4C0BD6B947B61CE8E9DF /* include_juce_events.mm */ = {isa = PBXBuildFile; fileRef = C157A7054C14851EA56E227F; };
		D2ED6FA5B5EAAC111D43E2D0 /* Granulator.cpp */ = {isa = PBXBuildFile; fileRef = D87338DA28011A9AE09E5B1F; };
		E0DD0892DF7AD1E5148B5EDD /* Images.xcassets */ = {isa = PBXBuildFile; fileRef = 4DF42D8BA0FDFAE7437275A0; };
		E80B20C9F3C34CBADF5BD8DD /* CoreServices.framework */ = {isa = PBXBuildFile; fileRef = 673D652E7F721EA1A394DC0B; };
		E9B7F56AA3AF332429CC24CB /* WebKit.framework */ = {isa = PBXBuildFile; fileRef = CD303A7D859FDBE9F3CBCDE1; };
		EB533617D0ED8CA1508EFC5E /* PitchQuantizer.cpp */ = {isa = PBXBuildFile; fileRef = CB67B8826EEB874B5653CF86; };
		F28E138B3D76134CDDC0FD6E /* QuartzCore.framework */ = {isa = PBXBuildFile; fileRef = 0C11E56AFE10576EA4645CB7; };
		F44275B4868BA185FB5A7F26 /* AudioToolbox.framework */ = {isa = PBXBuildFile; fileRef = 1E9EF2F3F691367EA2EE3D3D; };
		F7F2F092EB4462AFF7EF9309 /* Accelerate.framework */ = {isa = PBXBuildFile; fileRef = 0CB4942B115FA07BE75204C3; };
		FEADE943A79408F7714C17A4 /* include_juce_gui_basics.mm */ = {isa = PBXBuildFile; fileRef = 594BA92180D4CC86AC728D17; };
/* End PBXBuildFile section */

/* Begin PBXFileReference section */
		056B5F44BB05660F2D117957 /* ProgramBank.cpp */ /* ProgramBank.cpp */ = {isa = PBXFileReference; lastKnownFileType = sourcecode.cpp.cpp; name = ProgramBank.cpp; path = ../../Source/ProgramBank.cpp; sourceTree = SOURCE_ROOT; };
		059ECDD16E40BFD22625F6CE /* Envelope.h */ /* Envelope.h */ = {isa = PBXFileReference; lastKnownFileType = sourcecode.c.h; name = Envelope.h; path = ../../Source/Envelope.h; sourceTree = SOURCE_ROOT; };
		07C4A97DAD7DA2D8CEE40232 /* DelayLine.cpp */ /* DelayLine.cpp */ = {isa = PBXFileReference; lastKnownFileType = sourcecode.cpp.cpp; name = DelayLine.cpp; path = ../../Source/DelayLine.cpp; sourceTree = SOURCE_ROOT; };
		0C11E56AFE10576EA4645CB7 /* QuartzCore.framework */ /* QuartzCore.framework */ = {isa = PBXFileReference; lastKnownFileType = wrapper.framework; name = QuartzCore.framework; path = System/Library/Frameworks/QuartzCore.framework; sourceTree = SDKROOT; };
		0CB4942B115FA07BE75204C3 /* Accelerate.framework */ /* Accelerate.framework */ = {isa = PBXFileReference; lastKnownFileType = wrapper.framework; name = Accelerate.framework; path = System/Library/Frameworks/Accelerate.framework; sourceTree = SDKROOT; };
		0D4DED13B458569D600EF040 /* include_juce_audio_formats.mm */ /* include_juce_audio_formats.mm */ = {isa = PBXFileReference; lastKnownFileType = sourcecode.cpp.objcpp; name = include_juce_audio_formats.mm; path = ../../JuceLibraryCode/include_juce_audio_formats.mm; sourceTree = SOURCE_ROOT; };
		10EB930D7858F47C608518CD /* Debug.h */ /* Debug.h */ = {isa = PBXFileReference; lastKnownFileType = sourcecode.c.h; name = Debug.h; path = ../../Source/Debug.h; sourceTree = SOURCE_ROOT; };
		11F588B1938C967F54F93AC3 /* juce_audio_devices */ /* juce_audio_devices */ = {isa = PBXFileReference; lastKnownFileType = folder; name = juce_audio_devices; path = ../../JUCE/modules/juce_audio_devices; sourceTree = SOURCE_ROOT; };
		13647E827ED726F377738FDF /* include_juce_audio_plugin_client_VST_utils.mm */ /* include_juce_audio_plugin_client_VST_utils.mm */ = {isa = PBXFileReference; lastKnownFileType = sourcecode.cpp.objcpp; name = include_juce_audio_plugin_client_VST_utils.mm; path = ../../JuceLibraryCode/include_juce_audio_plugin_client_VST_utils.mm; sourceTree = SOURCE_ROOT; };
		14FC492EBFA8DEB1A4A620B9 /* Misc.h */ /* Misc.h */ = {isa = PBXFileReference; lastKnownFileType = sourcecode.c.h; name = Misc.h; path = ../../Source/Misc.h; sourceTree = SOURCE_ROOT; };
		187E1607248A0512276942E3 /* ProgramBank.h */ /* ProgramBank.h */ = {isa = PBXFileReference; lastKnownFileType = sourcecode.c.h; name = ProgramBank.h; path = ../../Source/ProgramBank.h; sourceTree = SOURCE_ROOT; };
		1DC055FAC7D52267F88707D4 /* PitchQuantizer.h */ /* PitchQuantizer.h */ = {isa = PBXFileReference; lastKnownFileType = sourcecode.c.h; name = PitchQuantizer.h; path = ../../Source/PitchQuantizer.h; sourceTree = SOURCE_ROOT; };
		1E9EF2F3F691367EA2EE3D3D /* AudioToolbox.framework */ /* AudioToolbox.framework */ = {isa = PBXFileReference; lastKnownFileType = wrapper.framework; name = AudioToolbox.framework; path = System/Library/Frameworks/AudioToolbox.framework; sourceTree = SDKROOT; };
		20A5C0C0C6AA9623A5E7A1A6 /* juce_gui_basics */ /* juce_gui_basics */ = {isa = PBXFileReference; lastKnownFileType = folder; name = juce_gui_basics; path = ../../JUCE/modules/juce_gui_basics; sourceTree = SOURCE_ROOT; };
		2740F061C23E078BF369B19F /* Program.cpp */ /* Program.cpp */ = {isa = PBXFileReference; lastKnownFileType = sourcecode.cpp.cpp; name = Program.cpp; path = ../../Source/Program.cpp; sourceTree = SOURCE_ROOT; };
		275A580AABD387287F37E731 /* PluginEditor.h */ /* PluginEditor.h */ = {isa = PBXFileReference; lastKnownFileType = sourcecode.c.h; name = PluginEditor.h; path = ../../Source/PluginEditor.h; sourceTree = SOURCE_ROOT; };
		2760F5DF0A701EF26AB23A32 /* include_juce_core.mm */ /* include_juce_core.mm */ = {isa = PBXFileReference; lastKnownFileType = sourcecode.cpp.objcpp; name = include_juce_core.mm; path = ../../JuceLibraryCode/include_juce_core.mm; sourceTree = SOURCE_ROOT; };
		3797BAC36E847563DA6170AB /* CombFilter.h */ /* CombFilter.h */ = {isa = PBXFileReference; lastKnownFileType = sourcecode.c.h; name = CombFilter.h; path = ../../Source/CombFilter.h; sourceTree = SOURCE_ROOT; };
		38D5F19356B47C3E60D7EB35 /* Plugin.h */ /* Plugin.h */ = {isa = PBXFileReference; lastKnownFileType = sourcecode.c.h; name = Plugin.h; path = ../../Source/Plugin.h; sourceTree = SOURCE_ROOT; };
		396AACF46612D01E1FDF2E4F /* JuceHeader.h */ /* JuceHeader.h */ = {isa = PBXFileReference; lastKnownFileType = sourcecode.c.h; name = JuceHeader.h; path = ../../JuceLibraryCode/JuceHeader.h; sourceTree = SOURCE_ROOT; };
		3C8B64591B7EC9EA223E1CBD /* include_juce_audio_plugin_client_utils.cpp */ /* include_juce_audio_plugin_client_utils.cpp */ = {isa = PBXFileReference; lastKnownFileType = sourcecode.cpp.cpp; name = include_juce_audio_plugin_client_utils.cpp; path = ../../JuceLibraryCode/include_juce_audio_plugin_client_utils.cpp; sourceTree = SOURCE_ROOT; };
		4895E52885D69B487C1EDD6F /* DelayLine.h */ /* DelayLine.h */ = {isa = PBXFileReference; lastKnownFileType = sourcecode.c.h; name = DelayLine.h; path = ../../Source/DelayLine.h; sourceTree = SOURCE_ROOT; };
		4BF8D8D83DEA622701E3CCA4 /* PluginEditor.cpp */ /* PluginEditor.cpp */ = {isa = PBXFileReference; lastKnownFileType = sourcecode.cpp.cpp; name = PluginEditor.cpp; path = ../../Source/PluginEditor.cpp; sourceTree = SOURCE_ROOT; };
		4DF42D8BA0FDFAE7437275A0 /* Images.xcassets */ /* Images.xcassets */ = {isa = PBXFileReference; lastKnownFileType = folder.assetcatalog; name = Images.xcassets; path = Argotlunar/Images.xcassets; sourceTree = SOURCE_ROOT; };
		510C56FD34EAC947B37D0295 /* juce_audio_formats */ /* juce_audio_formats */ = {isa = PBXFileReference; lastKnownFileType = folder; name = juce_audio_formats; path = ../../JUCE/modules/juce_audio_formats; sourceTree = SOURCE_ROOT; };
		512DA864C7483BE4724B2185 /* include_juce_gui_extra.mm */ /* include_juce_gui_extra.mm */ = {isa = PBXFileReference; lastKnownFileType = sourcecode.cpp.objcpp; name = include_juce_gui_extra.mm; path = ../../JuceLibraryCode/include_juce_gui_extra.mm; sourceTree = SOURCE_ROOT; };
		594BA92180D4CC86AC728D17 /* include_juce_gui_basics.mm */ /* include_juce_gui_basics.mm */ = {isa = PBXFileReference; lastKnownFileType = sourcecode.cpp.objcpp; name = include_juce_gui_basics.mm; path = ../../JuceLibraryCode/include_juce_gui_basics.mm; sourceTree = SOURCE_ROOT; };
		5EB8D2EE2443FB4AC621C998 /* include_juce_graphics.mm */ /* include_juce_graphics.mm */ = {isa = PBXFileReference; lastKnownFileType = sourcecode.cpp.objcpp; name = include_juce_graphics.mm; path = ../../JuceLibraryCode/include_juce_graphics.mm; sourceTree = SOURCE_ROOT; };
		5EC02E1DA218D49EBC242ED7 /* Filter.cpp */ /* Filter.cpp */ = {isa = PBXFileReference; lastKnownFileType = sourcecode.cpp.cpp; name = Filter.cpp; path = ../../Source/Filter.cpp; sourceTree = SOURCE_ROOT; };
		5EE9063A711BA1D057973208 /* include_juce_audio_processors.mm */ /* include_juce_audio_processors.mm */ = {isa = PBXFileReference; lastKnownFileType = sourcecode.cpp.objcpp; name = include_juce_audio_processors.mm; path = ../../JuceLibraryCode/include_juce_audio_processors.mm; sourceTree = SOURCE_ROOT; };
		67111838C24F1F7474236601 /* Envelope.cpp */ /* Envelope.cpp */ = {isa = PBXFileReference; lastKnownFileType = sourcecode.cpp.cpp; name = Envelope.cpp; path = ../../Source/Envelope.cpp; sourceTree = SOURCE_ROOT; };
		673D652E7F721EA1A394DC0B /* CoreServices.framework */ /* CoreServices.framework */ = {isa = PBXFileReference; lastKnownFileType = wrapper.framework; name = CoreServices.framework; path = System/Library/Frameworks/CoreServices.framework; sourceTree = SDKROOT; };
		6A96D522CD7C4703ABB4F750 /* LaunchScreen.storyboard */ /* LaunchScreen.storyboard */ = {isa = PBXFileReference; lastKnownFileType = file.storyboard; name = LaunchScreen.storyboard; path = LaunchScreen.storyboard; sourceTree = SOURCE_ROOT; };
		74CD6D8A720A4FE8189464B7 /* CoreGraphics.framework */ /* CoreGraphics.framework */ = {isa = PBXFileReference; lastKnownFileType = wrapper.framework; name = CoreGraphics.framework; path = System/Library/Frameworks/CoreGraphics.framework; sourceTree = SDKROOT; };
		75B6890DE36B9888369CD4A4 /* UIKit.framework */ /* UIKit.framework */ = {isa = PBXFileReference; lastKnownFileType = wrapper.framework; name = UIKit.framework; path = System/Library/Frameworks/UIKit.framework; sourceTree = SDKROOT; };
		78B1955A6382A7E404907194 /* include_juce_audio_basics.mm */ /* include_juce_audio_basics.mm */ = {isa = PBXFileReference; lastKnownFileType = sourcecode.cpp.objcpp; name = include_juce_audio_basics.mm; path = ../../JuceLibraryCode/include_juce_audio_basics.mm; sourceTree = SOURCE_ROOT; };
		85CBB34E78E3FC822F796F80 /* Foundation.framework */ /* Foundation.framework */ = {isa = PBXFileReference; lastKnownFileType = wrapper.framework; name = Foundation.framework; path = System/Library/Frameworks/Foundation.framework; sourceTree = SDKROOT; };
		86710B9CC8D4323CD156A87A /* AVFoundation.framework */ /* AVFoundation.framework */ = {isa = PBXFileReference; lastKnownFileType = wrapper.framework; name = AVFoundation.framework; path = System/Library/Frameworks/AVFoundation.framework; sourceTree = SDKROOT; };
		8A5E53250BA5889CA136BB39 /* juce_events */ /* juce_events */ = {isa = PBXFileReference; lastKnownFileType = folder; name = juce_events; path = ../../JUCE/modules/juce_events; sourceTree = SOURCE_ROOT; };
		910D4CC0D30DA76C55093C5E /* Grain.h */ /* Grain.h */ = {isa = PBXFileReference; lastKnownFileType = sourcecode.c.h; name = Grain.h; path = ../../Source/Grain.h; sourceTree = SOURCE_ROOT; };
		9808E1E0E77D791A4822C663 /* GrainParameters.h */ /* GrainParameters.h */ = {isa = PBXFileReference; lastKnownFileType = sourcecode.c.h; name = GrainParameters.h; path = ../../Source/GrainParameters.h; sourceTree = SOURCE_ROOT; };
		98A0F715FAC61CB68CCB2685 /* Parameters.h */ /* Parameters.h */ = {isa = PBXFileReference; lastKnownFileType = sourcecode.c.h; name = Parameters.h; path = ../../Source/Parameters.h; sourceTree = SOURCE_ROOT; };
		98CC780BB23C47784A9ECEED /* TimeQuantizer.h */ /* TimeQuantizer.h */ = {isa = PBXFileReference; lastKnownFileType = sourcecode.c.h; name = TimeQuantizer.h; path = ../../Source/TimeQuantizer.h; sourceTree = SOURCE_ROOT; };
		9F2DB9F630281166381CC8C6 /* CoreText.framework */ /* CoreText.framework */ = {isa = PBXFileReference; lastKnownFileType = wrapper.framework; name = CoreText.framework; path = System/Library/Frameworks/CoreText.framework; sourceTree = SDKROOT; };
		9FE9558CB4E1F7249A43B595 /* juce_audio_basics */ /* juce_audio_basics */ = {isa = PBXFileReference; lastKnownFileType = folder; name = juce_audio_basics; path = ../../JUCE/modules/juce_audio_basics; sourceTree = SOURCE_ROOT; };
		A749EF6974314AE6DADE00B7 /* Parameters.cpp */ /* Parameters.cpp */ = {isa = PBXFileReference; lastKnownFileType = sourcecode.cpp.cpp; name = Parameters.cpp; path = ../../Source/Parameters.cpp; sourceTree = SOURCE_ROOT; };
		AA44B52E2BEE429CD00722BD /* JucePluginDefines.h */ /* JucePluginDefines.h */ = {isa = PBXFileReference; lastKnownFileType = sourcecode.c.h; name = JucePluginDefines.h; path = ../../JuceLibraryCode/JucePluginDefines.h; sourceTree = SOURCE_ROOT; };
		AD93616A0CE89DEE62BC8742 /* Grain.cpp */ /* Grain.cpp */ = {isa = PBXFileReference; lastKnownFileType = sourcecode.cpp.cpp; name = Grain.cpp; path = ../../Source/Grain.cpp; sourceTree = SOURCE_ROOT; };
		B340BF29F54DC19DED04A14C /* include_juce_data_structures.mm */ /* include_juce_data_structures.mm */ = {isa = PBXFileReference; lastKnownFileType = sourcecode.cpp.objcpp; name = include_juce_data_structures.mm; path = ../../JuceLibraryCode/include_juce_data_structures.mm; sourceTree = SOURCE_ROOT; };
		B65D7BC5EAA649236AA81A91 /* CombFilter.cpp */ /* CombFilter.cpp */ = {isa = PBXFileReference; lastKnownFileType = sourcecode.cpp.cpp; name = CombFilter.cpp; path = ../../Source/CombFilter.cpp; sourceTree = SOURCE_ROOT; };
		BA97AA133782E6266CF10F5A /* Plugin.cpp */ /* Plugin.cpp */ = {isa = PBXFileReference; lastKnownFileType = sourcecode.cpp.cpp; name = Plugin.cpp; path = ../../Source/Plugin.cpp; sourceTree = SOURCE_ROOT; };
		BE76BAD3BDF042D382C026D0 /* include_juce_audio_devices.mm */ /* include_juce_audio_devices.mm */ = {isa = PBXFileReference; lastKnownFileType = sourcecode.cpp.objcpp; name = include_juce_audio_devices.mm; path = ../../JuceLibraryCode/include_juce_audio_devices.mm; sourceTree = SOURCE_ROOT; };
		C157A7054C14851EA56E227F /* include_juce_events.mm */ /* include_juce_events.mm */ = {isa = PBXFileReference; lastKnownFileType = sourcecode.cpp.objcpp; name = include_juce_events.mm; path = ../../JuceLibraryCode/include_juce_events.mm; sourceTree = SOURCE_ROOT; };
		C4AAB08A10A2FB0524C572B1 /* AppConfig.h */ /* AppConfig.h */ = {isa = PBXFileReference; lastKnownFileType = sourcecode.c.h; name = AppConfig.h; path = ../../JuceLibraryCode/AppConfig.h; sourceTree = SOURCE_ROOT; };
		C4BC6691D0C4C5C25B49AC30 /* Granulator.h */ /* Granulator.h */ = {isa = PBXFileReference; lastKnownFileType = sourcecode.c.h; name = Granulator.h; path = ../../Source/Granulator.h; sourceTree = SOURCE_ROOT; };
		C64CBB8C05E3835CFCEDFF8E /* juce_data_structures */ /* juce_data_structures */ = {isa = PBXFileReference; lastKnownFileType = folder; name = juce_data_structures; path = ../../JUCE/modules/juce_data_structures; sourceTree = SOURCE_ROOT; };
		C6D3D690CB7131987A30688F /* juce_core */ /* juce_core */ = {isa = PBXFileReference; lastKnownFileType = folder; name = juce_core; path = ../../JUCE/modules/juce_core; sourceTree = SOURCE_ROOT; };
		CADDB10B246EA33AE9B7A026 /* juce_graphics */ /* juce_graphics */ = {isa = PBXFileReference; lastKnownFileType = folder; name = juce_graphics; path = ../../JUCE/modules/juce_graphics; sourceTree = SOURCE_ROOT; };
		CB67B8826EEB874B5653CF86 /* PitchQuantizer.cpp */ /* PitchQuantizer.cpp */ = {isa = PBXFileReference; lastKnownFileType = sourcecode.cpp.cpp; name = PitchQuantizer.cpp; path = ../../Source/PitchQuantizer.cpp; sourceTree = SOURCE_ROOT; };
		CD303A7D859FDBE9F3CBCDE1 /* WebKit.framework */ /* WebKit.framework */ = {isa = PBXFileReference; lastKnownFileType = wrapper.framework; name = WebKit.framework; path = System/Library/Frameworks/WebKit.framework; sourceTree = SDKROOT; };
		CEDF3F570389D353ACBC26DF /* Program.h */ /* Program.h */ = {isa = PBXFileReference; lastKnownFileType = sourcecode.c.h; name = Program.h; path = ../../Source/Program.h; sourceTree = SOURCE_ROOT; };
		D4B03B850A54655F1B7FCF77 /* CoreImage.framework */ /* CoreImage.framework */ = {isa = PBXFileReference; lastKnownFileType = wrapper.framework; name = CoreImage.framework; path = System/Library/Frameworks/CoreImage.framework; sourceTree = SDKROOT; };
		D87338DA28011A9AE09E5B1F /* Granulator.cpp */ /* Granulator.cpp */ = {isa = PBXFileReference; lastKnownFileType = sourcecode.cpp.cpp; name = Granulator.cpp; path = ../../Source/Granulator.cpp; sourceTree = SOURCE_ROOT; };
		D88486BD6433A43570946F01 /* juce_audio_processors */ /* juce_audio_processors */ = {isa = PBXFileReference; lastKnownFileType = folder; name = juce_audio_processors; path = ../../JUCE/modules/juce_audio_processors; sourceTree = SOURCE_ROOT; };
		DA0AFC73AC444B75638EECB9 /* GrainParametersGenerator.h */ /* GrainParametersGenerator.h */ = {isa = PBXFileReference; lastKnownFileType = sourcecode.c.h; name = GrainParametersGenerator.h; path = ../../Source/GrainParametersGenerator.h; sourceTree = SOURCE_ROOT; };
		DD2351676870D1DD72D7D44C /* Shared Code */ = {isa = PBXFileReference; explicitFileType = archive.ar; includeInIndex = 0; path = libargotlunar.a; sourceTree = BUILT_PRODUCTS_DIR; };
		DD41E0FDA78E3BAAC4DB5230 /* TimeQuantizer.cpp */ /* TimeQuantizer.cpp */ = {isa = PBXFileReference; lastKnownFileType = sourcecode.cpp.cpp; name = TimeQuantizer.cpp; path = ../../Source/TimeQuantizer.cpp; sourceTree = SOURCE_ROOT; };
		E4909EB809B70E98D33BB65F /* GrainParametersGenerator.cpp */ /* GrainParametersGenerator.cpp */ = {isa = PBXFileReference; lastKnownFileType = sourcecode.cpp.cpp; name = GrainParametersGenerator.cpp; path = ../../Source/GrainParametersGenerator.cpp; sourceTree = SOURCE_ROOT; };
		E83DEFD5C47CAB0208610577 /* Filter.h */ /* Filter.h */ = {isa = PBXFileReference; lastKnownFileType = sourcecode.c.h; name = Filter.h; path = ../../Source/Filter.h; sourceTree = SOURCE_ROOT; };
		E96AAB40D7E3797E6710B2D1 /* juce_audio_plugin_client */ /* juce_audio_plugin_client */ = {isa = PBXFileReference; lastKnownFileType = folder; name = juce_audio_plugin_client; path = ../../JUCE/modules/juce_audio_plugin_client; sourceTree = SOURCE_ROOT; };
		EC725F735D8E20F38EA97C82 /* juce_gui_extra */ /* juce_gui_extra */ = {isa = PBXFileReference; lastKnownFileType = folder; name = juce_gui_extra; path = ../../JUCE/modules/juce_gui_extra; sourceTree = SOURCE_ROOT; };
		EF318A30E709F8C266E19F65 /* CoreAudio.framework */ /* CoreAudio.framework */ = {isa = PBXFileReference; lastKnownFileType = wrapper.framework; name = CoreAudio.framework; path = System/Library/Frameworks/CoreAudio.framework; sourceTree = SDKROOT; };
		EFDCC06C4A0FF80E9732BCF7 /* ParametersEnum.h */ /* ParametersEnum.h */ = {isa = PBXFileReference; lastKnownFileType = sourcecode.c.h; name = ParametersEnum.h; path = ../../Source/ParametersEnum.h; sourceTree = SOURCE_ROOT; };
		F8ABB34A58CED7A3ADB02626 /* CoreMIDI.framework */ /* CoreMIDI.framework */ = {isa = PBXFileReference; lastKnownFileType = wrapper.framework; name = CoreMIDI.framework; path = System/Library/Frameworks/CoreMIDI.framework; sourceTree = SDKROOT; };
/* End PBXFileReference section */

/* Begin PBXGroup section */
		017184B9AA73B640EF2FD575 /* JUCE Modules */ = {
			isa = PBXGroup;
			children = (
				9FE9558CB4E1F7249A43B595,
				11F588B1938C967F54F93AC3,
				510C56FD34EAC947B37D0295,
				E96AAB40D7E3797E6710B2D1,
				D88486BD6433A43570946F01,
				C6D3D690CB7131987A30688F,
				C64CBB8C05E3835CFCEDFF8E,
				8A5E53250BA5889CA136BB39,
				CADDB10B246EA33AE9B7A026,
				20A5C0C0C6AA9623A5E7A1A6,
				EC725F735D8E20F38EA97C82,
			);
			name = "JUCE Modules";
			sourceTree = "<group>";
		};
		383B0F024E965EE84696F188 /* Products */ = {
			isa = PBXGroup;
			children = (
				DD2351676870D1DD72D7D44C,
			);
			name = Products;
			sourceTree = "<group>";
		};
		3A2BB5C8E3F7EA1B4A93CF26 /* Frameworks */ = {
			isa = PBXGroup;
			children = (
				0CB4942B115FA07BE75204C3,
				1E9EF2F3F691367EA2EE3D3D,
				86710B9CC8D4323CD156A87A,
				EF318A30E709F8C266E19F65,
				74CD6D8A720A4FE8189464B7,
				D4B03B850A54655F1B7FCF77,
				F8ABB34A58CED7A3ADB02626,
				673D652E7F721EA1A394DC0B,
				9F2DB9F630281166381CC8C6,
				85CBB34E78E3FC822F796F80,
				0C11E56AFE10576EA4645CB7,
				75B6890DE36B9888369CD4A4,
				CD303A7D859FDBE9F3CBCDE1,
			);
			name = Frameworks;
			sourceTree = "<group>";
		};
		3E21679BD5E9B1BF9C1B0E67 /* Source */ = {
			isa = PBXGroup;
			children = (
				B65D7BC5EAA649236AA81A91,
				07C4A97DAD7DA2D8CEE40232,
				67111838C24F1F7474236601,
				5EC02E1DA218D49EBC242ED7,
				AD93616A0CE89DEE62BC8742,
				E4909EB809B70E98D33BB65F,
				D87338DA28011A9AE09E5B1F,
				A749EF6974314AE6DADE00B7,
				CB67B8826EEB874B5653CF86,
				BA97AA133782E6266CF10F5A,
				4BF8D8D83DEA622701E3CCA4,
				2740F061C23E078BF369B19F,
				056B5F44BB05660F2D117957,
				DD41E0FDA78E3BAAC4DB5230,
			);
			name = Source;
			sourceTree = "<group>";
		};
		403FB0DD9EEC330AE68B93C6 /* Resources */ = {
			isa = PBXGroup;
			children = (
				4DF42D8BA0FDFAE7437275A0,
				6A96D522CD7C4703ABB4F750,
			);
			name = Resources;
			sourceTree = "<group>";
		};
		6A97037CF42F44260B468743 /* Headers */ = {
			isa = PBXGroup;
			children = (
				10EB930D7858F47C608518CD,
				059ECDD16E40BFD22625F6CE,
				E83DEFD5C47CAB0208610577,
				910D4CC0D30DA76C55093C5E,
				9808E1E0E77D791A4822C663,
				DA0AFC73AC444B75638EECB9,
				C4BC6691D0C4C5C25B49AC30,
				14FC492EBFA8DEB1A4A620B9,
				98A0F715FAC61CB68CCB2685,
				EFDCC06C4A0FF80E9732BCF7,
				1DC055FAC7D52267F88707D4,
				38D5F19356B47C3E60D7EB35,
				275A580AABD387287F37E731,
				CEDF3F570389D353ACBC26DF,
				187E1607248A0512276942E3,
				98CC780BB23C47784A9ECEED,
				3797BAC36E847563DA6170AB,
				4895E52885D69B487C1EDD6F,
			);
			name = Headers;
			sourceTree = "<group>";
		};
		86D09B84927D493161C1A316 /* JUCE Library Code */ = {
			isa = PBXGroup;
			children = (
				C4AAB08A10A2FB0524C572B1,
				78B1955A6382A7E404907194,
				BE76BAD3BDF042D382C026D0,
				0D4DED13B458569D600EF040,
				3C8B64591B7EC9EA223E1CBD,
				13647E827ED726F377738FDF,
				5EE9063A711BA1D057973208,
				2760F5DF0A701EF26AB23A32,
				B340BF29F54DC19DED04A14C,
				C157A7054C14851EA56E227F,
				5EB8D2EE2443FB4AC621C998,
				594BA92180D4CC86AC728D17,
				512DA864C7483BE4724B2185,
				396AACF46612D01E1FDF2E4F,
				AA44B52E2BEE429CD00722BD,
			);
			name = "JUCE Library Code";
			sourceTree = "<group>";
		};
		AED5DE5C81FCFD2A66238304 /* Source */ = {
			isa = PBXGroup;
			children = (
				D40BFBE1863B05A4DC6586EA,
				017184B9AA73B640EF2FD575,
				86D09B84927D493161C1A316,
				403FB0DD9EEC330AE68B93C6,
				3A2BB5C8E3F7EA1B4A93CF26,
				383B0F024E965EE84696F188,
			);
			name = Source;
			sourceTree = "<group>";
		};
		D40BFBE1863B05A4DC6586EA /* Argotlunar */ = {
			isa = PBXGroup;
			children = (
				6A97037CF42F44260B468743,
				3E21679BD5E9B1BF9C1B0E67,
			);
			name = Argotlunar;
			sourceTree = "<group>";
		};
/* End PBXGroup section */

/* Begin PBXNativeTarget section */
		579692EFB433C84C96053CCD /* Argotlunar - Shared Code */ = {
			isa = PBXNativeTarget;
			buildConfigurationList = C9857168FAD16D206C2C4635;
			buildPhases = (
				EBDD5F6055BA6D43B3848B96,
				38997EC3E9949FEA3110074B,
			);
			buildRules = (
			);
			dependencies = (
			);
			name = "Argotlunar - Shared Code";
			productName = Argotlunar;
			productReference = DD2351676870D1DD72D7D44C;
			productType = "com.apple.product-type.library.static";
		};
/* End PBXNativeTarget section */

/* Begin PBXProject section */
		622678434E2B6E71C156AA5E = {
			isa = PBXProject;
			attributes = {
				LastUpgradeCheck = 1240;
				ORGANIZATIONNAME = "";
				TargetAttributes = {
					47E9D8289A78DCE4189F463D = {
						SystemCapabilities = {
							com.apple.ApplicationGroups.iOS = {
								enabled = 0;
							};
							com.apple.HardenedRuntime = {
								enabled = 0;
							};
							com.apple.InAppPurchase = {
								enabled = 0;
							};
							com.apple.InterAppAudio = {
								enabled = 0;
							};
							com.apple.Push = {
								enabled = 0;
							};
							com.apple.Sandbox = {
								enabled = 0;
							};
						};
					};
					579692EFB433C84C96053CCD = {
						SystemCapabilities = {
							com.apple.ApplicationGroups.iOS = {
								enabled = 0;
							};
							com.apple.HardenedRuntime = {
								enabled = 0;
							};
							com.apple.InAppPurchase = {
								enabled = 0;
							};
							com.apple.InterAppAudio = {
								enabled = 0;
							};
							com.apple.Push = {
								enabled = 0;
							};
							com.apple.Sandbox = {
								enabled = 0;
							};
						};
					};
				};
			};
			buildConfigurationList = AB1ADE361160BA009E043772;
			compatibilityVersion = "Xcode 3.2";
			hasScannedForEncodings = 0;
			knownRegions = (
				en,
				Base,
			);
			mainGroup = AED5DE5C81FCFD2A66238304;
			projectDirPath = "";
			projectRoot = "";
			targets = (
				47E9D8289A78DCE4189F463D,
				579692EFB433C84C96053CCD,
			);
		};
/* End PBXProject section */

/* Begin PBXShellScriptBuildPhase section */
		38997EC3E9949FEA3110074B /* Post-build script */ = {
			isa = PBXShellScriptBuildPhase;
			buildActionMask = 2147483647;
			files = (
			);
			runOnlyForDeploymentPostprocessing = 0;
			name = "Post-build script";
			shellPath = /bin/sh;
			shellScript = "\n# This script takes the build product and copies it to the AU, VST, and RTAS folders, depending on \n# which plugin types you've built\n\noriginal=$CONFIGURATION_BUILD_DIR/$FULL_PRODUCT_NAME\n\n# this looks inside the binary to detect which platforms are needed.. \ncopyAU=`nm -g \"$CONFIGURATION_BUILD_DIR/$EXECUTABLE_PATH\" | grep -i 'AudioUnit' | wc -l`\ncopyVST=`nm -g \"$CONFIGURATION_BUILD_DIR/$EXECUTABLE_PATH\" | grep -i 'VSTPlugin' | wc -l`\ncopyRTAS=`nm -g \"$CONFIGURATION_BUILD_DIR/$EXECUTABLE_PATH\" | grep -i 'CProcess' | wc -l`\ncopyAAX=`nm -g \"$CONFIGURATION_BUILD_DIR/$EXECUTABLE_PATH\" | grep -i 'ACFStartup' | wc -l`\n\nif [ $copyAU -gt 0 ]; then\n  echo \"Copying to AudioUnit folder...\"\n  AU=~/Library/Audio/Plug-Ins/Components/$PRODUCT_NAME.component\n  if [ -d \"$AU\" ]; then \n    rm -r \"$AU\"\n  fi\n\n  cp -r \"$original\" \"$AU\"\n  sed -i \"\" -e 's/TDMwPTul/BNDLPTul/g' \"$AU/Contents/PkgInfo\"\n  sed -i \"\" -e 's/TDMw/BNDL/g' \"$AU/Contents/$INFOPLIST_FILE\"\nfi\n\nif [ $copyVST -gt 0 ]; then\n  echo \"Copying to VST folder...\"\n  VST=~/Library/Audio/Plug-Ins/VST/$PRODUCT_NAME.vst\n  if [ -d \"$VST\" ]; then \n    rm -r \"$VST\"\n  fi\n\n  cp -r \"$original\" \"$VST\"\n  sed -i \"\" -e 's/TDMwPTul/BNDLPTul/g' \"$VST/Contents/PkgInfo\"\n  sed -i \"\" -e 's/TDMw/BNDL/g' \"$VST/Contents/$INFOPLIST_FILE\"\nfi\n\nif [ $copyRTAS -gt 0 ]; then\n  echo \"Copying to RTAS folder...\"\n  RTAS=/Library/Application\\ Support/Digidesign/Plug-Ins/$PRODUCT_NAME.dpm\n  if [ -d \"$RTAS\" ]; then\n    rm -r \"$RTAS\"\n  fi\n\n  cp -r \"$original\" \"$RTAS\"\nfi\n\nif [ $copyAAX -gt 0 ]; then\n  echo \"Copying to AAX folder...\"\n\n  if [ -d \"/Applications/ProTools_3PDev/Plug-Ins\" ]; then\n    AAX1=\"/Applications/ProTools_3PDev/Plug-Ins/$PRODUCT_NAME.aaxplugin\"\n\n    if [ -d \"$AAX1\" ]; then\n      rm -r \"$AAX1\"\n    fi\n\n    cp -r \"$original\" \"$AAX1\"\n  fi\n\n  if [ -d \"/Library/Application Support/Avid/Audio/Plug-Ins\" ]; then\n    AAX2=\"/Library/Application Support/Avid/Audio/Plug-Ins/$PRODUCT_NAME.aaxplugin\"\n\n    if [ -d \"$AAX2\" ]; then\n      rm -r \"$AAX2\"\n    fi\n\n    cp -r \"$original\" \"$AAX2\"\n  fi\nfi\n";
		};
		85BC04929A0C0FBDBF2311BB /* Post-build script */ = {
			isa = PBXShellScriptBuildPhase;
			buildActionMask = 2147483647;
			files = (
			);
			runOnlyForDeploymentPostprocessing = 0;
			name = "Post-build script";
			shellPath = /bin/sh;
			shellScript = "\n# This script takes the build product and copies it to the AU, VST, and RTAS folders, depending on \n# which plugin types you've built\n\noriginal=$CONFIGURATION_BUILD_DIR/$FULL_PRODUCT_NAME\n\n# this looks inside the binary to detect which platforms are needed.. \ncopyAU=`nm -g \"$CONFIGURATION_BUILD_DIR/$EXECUTABLE_PATH\" | grep -i 'AudioUnit' | wc -l`\ncopyVST=`nm -g \"$CONFIGURATION_BUILD_DIR/$EXECUTABLE_PATH\" | grep -i 'VSTPlugin' | wc -l`\ncopyRTAS=`nm -g \"$CONFIGURATION_BUILD_DIR/$EXECUTABLE_PATH\" | grep -i 'CProcess' | wc -l`\ncopyAAX=`nm -g \"$CONFIGURATION_BUILD_DIR/$EXECUTABLE_PATH\" | grep -i 'ACFStartup' | wc -l`\n\nif [ $copyAU -gt 0 ]; then\n  echo \"Copying to AudioUnit folder...\"\n  AU=~/Library/Audio/Plug-Ins/Components/$PRODUCT_NAME.component\n  if [ -d \"$AU\" ]; then \n    rm -r \"$AU\"\n  fi\n\n  cp -r \"$original\" \"$AU\"\n  sed -i \"\" -e 's/TDMwPTul/BNDLPTul/g' \"$AU/Contents/PkgInfo\"\n  sed -i \"\" -e 's/TDMw/BNDL/g' \"$AU/Contents/$INFOPLIST_FILE\"\nfi\n\nif [ $copyVST -gt 0 ]; then\n  echo \"Copying to VST folder...\"\n  VST=~/Library/Audio/Plug-Ins/VST/$PRODUCT_NAME.vst\n  if [ -d \"$VST\" ]; then \n    rm -r \"$VST\"\n  fi\n\n  cp -r \"$original\" \"$VST\"\n  sed -i \"\" -e 's/TDMwPTul/BNDLPTul/g' \"$VST/Contents/PkgInfo\"\n  sed -i \"\" -e 's/TDMw/BNDL/g' \"$VST/Contents/$INFOPLIST_FILE\"\nfi\n\nif [ $copyRTAS -gt 0 ]; then\n  echo \"Copying to RTAS folder...\"\n  RTAS=/Library/Application\\ Support/Digidesign/Plug-Ins/$PRODUCT_NAME.dpm\n  if [ -d \"$RTAS\" ]; then\n    rm -r \"$RTAS\"\n  fi\n\n  cp -r \"$original\" \"$RTAS\"\nfi\n\nif [ $copyAAX -gt 0 ]; then\n  echo \"Copying to AAX folder...\"\n\n  if [ -d \"/Applications/ProTools_3PDev/Plug-Ins\" ]; then\n    AAX1=\"/Applications/ProTools_3PDev/Plug-Ins/$PRODUCT_NAME.aaxplugin\"\n\n    if [ -d \"$AAX1\" ]; then\n      rm -r \"$AAX1\"\n    fi\n\n    cp -r \"$original\" \"$AAX1\"\n  fi\n\n  if [ -d \"/Library/Application Support/Avid/Audio/Plug-Ins\" ]; then\n    AAX2=\"/Library/Application Support/Avid/Audio/Plug-Ins/$PRODUCT_NAME.aaxplugin\"\n\n    if [ -d \"$AAX2\" ]; then\n      rm -r \"$AAX2\"\n    fi\n\n    cp -r \"$original\" \"$AAX2\"\n  fi\nfi\n";
		};
/* End PBXShellScriptBuildPhase section */

/* Begin PBXSourcesBuildPhase section */
		EBDD5F6055BA6D43B3848B96 = {
			isa = PBXSourcesBuildPhase;
			buildActionMask = 2147483647;
			files = (
				0AFF00C2AC3D6037CDA499F0,
				BC67C25FCF69F71FA2B51388,
				942C048B3C20BA1931E02D0E,
				62DD1F4EA1FCDC99B06781A8,
				B4A36D4CCF784D73021732B0,
				6481D2528DE44B4A45555D26,
				D2ED6FA5B5EAAC111D43E2D0,
				78AE15390E133FBC3B79EF8C,
				EB533617D0ED8CA1508EFC5E,
				30B6842C819735EFF64EC2DB,
				394629F4E9CF741D6ABC2945,
				547EDF123D2B17E092F08D3B,
				7BF5E0EE5C8DCB2D474EFE74,
				0D04E8A0E2E13E3B90E0FC6D,
				1EBD18BDC078702EE8094C77,
				945CF3154579954346903546,
				44ABA05EC88D3A530C26597C,
				A107BD4FFAD032D339955471,
				774F487BA6490E0DF7C471E0,
				59543C397DBCBF2E885DBF31,
				86D1432CF74071435D9320DC,
				5E3CEC67240FA355138FB55D,
				C69D4C0BD6B947B61CE8E9DF,
				4AE0DA7506AD0A2C82BB79E8,
				FEADE943A79408F7714C17A4,
				9707C8A4BA8CEC6E4531E850,
			);
			runOnlyForDeploymentPostprocessing = 0;
		};
/* End PBXSourcesBuildPhase section */

/* Begin PBXTargetDependency section */
		293F64177E0F36CD0C851401 = {
			isa = PBXTargetDependency;
			target = 579692EFB433C84C96053CCD;
		};
/* End PBXTargetDependency section */

/* Begin XCBuildConfiguration section */
		129311B5F82160B89A755022 /* Release */ = {
			isa = XCBuildConfiguration;
			buildSettings = {
				"CODE_SIGN_IDENTITY[sdk=iphoneos*]" = "";
				ALWAYS_SEARCH_USER_PATHS = NO;
				CLANG_ENABLE_OBJC_WEAK = YES;
				CLANG_WARN_BLOCK_CAPTURE_AUTORELEASING = YES;
				CLANG_WARN_BOOL_CONVERSION = YES;
				CLANG_WARN_COMMA = YES;
				CLANG_WARN_CONSTANT_CONVERSION = YES;
				CLANG_WARN_DEPRECATED_OBJC_IMPLEMENTATIONS = YES;
				CLANG_WARN_EMPTY_BODY = YES;
				CLANG_WARN_ENUM_CONVERSION = YES;
				CLANG_WARN_INFINITE_RECURSION = YES;
				CLANG_WARN_INT_CONVERSION = YES;
				CLANG_WARN_NON_LITERAL_NULL_CONVERSION = YES;
				CLANG_WARN_OBJC_IMPLICIT_RETAIN_SELF = YES;
				CLANG_WARN_OBJC_LITERAL_CONVERSION = YES;
				CLANG_WARN_RANGE_LOOP_ANALYSIS = YES;
				CLANG_WARN_STRICT_PROTOTYPES = YES;
				CLANG_WARN_SUSPICIOUS_MOVE = YES;
				CLANG_WARN_UNREACHABLE_CODE = YES;
				CLANG_WARN__DUPLICATE_METHOD_MATCH = YES;
				DEBUG_INFORMATION_FORMAT = dwarf;
				ENABLE_STRICT_OBJC_MSGSEND = YES;
				ENABLE_TESTABILITY = NO;
				GCC_C_LANGUAGE_STANDARD = c11;
				GCC_INLINES_ARE_PRIVATE_EXTERN = YES;
				GCC_MODEL_TUNING = G5;
				GCC_NO_COMMON_BLOCKS = YES;
				GCC_SYMBOLS_PRIVATE_EXTERN = YES;
				GCC_WARN_64_TO_32_BIT_CONVERSION = YES;
				GCC_WARN_ABOUT_RETURN_TYPE = YES;
				GCC_WARN_CHECK_SWITCH_STATEMENTS = YES;
				GCC_WARN_MISSING_PARENTHESES = YES;
				GCC_WARN_NON_VIRTUAL_DESTRUCTOR = YES;
				GCC_WARN_TYPECHECK_CALLS_TO_PRINTF = YES;
				GCC_WARN_UNDECLARED_SELECTOR = YES;
				GCC_WARN_UNINITIALIZED_AUTOS = YES;
				GCC_WARN_UNUSED_FUNCTION = YES;
				GCC_WARN_UNUSED_VARIABLE = YES;
				IPHONEOS_DEPLOYMENT_TARGET = 9.3;
				PRODUCT_NAME = "argotlunar";
				SDKROOT = iphoneos;
				TARGETED_DEVICE_FAMILY = "1,2";
				WARNING_CFLAGS = "-Wreorder";
				ZERO_LINK = NO;
			};
			name = Release;
		};
		2425482A73039F3EB0A44A05 /* Release */ = {
			isa = XCBuildConfiguration;
			buildSettings = {
				"CODE_SIGN_IDENTITY[sdk=iphoneos*]" = "";
				ASSETCATALOG_COMPILER_APPICON_NAME = AppIcon;
				CLANG_CXX_LANGUAGE_STANDARD = "c++14";
				CLANG_CXX_LIBRARY = "libc++";
				CLANG_LINK_OBJC_RUNTIME = NO;
				COMBINE_HIDPI_IMAGES = YES;
				CONFIGURATION_BUILD_DIR = "$(PROJECT_DIR)/build/$(CONFIGURATION)";
				DEAD_CODE_STRIPPING = YES;
				GCC_GENERATE_DEBUGGING_SYMBOLS = NO;
				GCC_OPTIMIZATION_LEVEL = s;
				GCC_PREPROCESSOR_DEFINITIONS = (
					"_NDEBUG=1",
					"NDEBUG=1",
					"JUCE_CONTENT_SHARING=1",
					"JUCE_MODAL_LOOPS_PERMITTED=1",
					"JUCER_XCODE_IPHONE_5BC26AE3=1",
					"JUCE_APP_VERSION=2.0.6",
					"JUCE_APP_VERSION_HEX=0x20006",
					"JucePlugin_Build_VST=0",
					"JucePlugin_Build_VST3=0",
					"JucePlugin_Build_AU=0",
					"JucePlugin_Build_AUv3=0",
					"JucePlugin_Build_RTAS=0",
					"JucePlugin_Build_AAX=0",
					"JucePlugin_Build_Standalone=0",
					"JucePlugin_Build_Unity=0",
					"JUCE_SHARED_CODE=1",
				);
				GCC_VERSION = com.apple.compilers.llvm.clang.1_0;
				HEADER_SEARCH_PATHS = (
					"$(SRCROOT)/../../JuceLibraryCode",
					"$(SRCROOT)/../../JUCE/modules",
					"$(SRCROOT)/../../JUCE/modules/juce_audio_plugin_client",
					"$(inherited)",
				);
				INSTALL_PATH = "@executable_path/Frameworks";
				LLVM_LTO = YES;
				MTL_HEADER_SEARCH_PATHS = "$(SRCROOT)/../../JuceLibraryCode $(SRCROOT)/../../JUCE/modules $(SRCROOT)/../../JUCE/modules/juce_audio_plugin_client";
				PRODUCT_BUNDLE_IDENTIFIER = com.MichaelOurednik.Argotlunar;
				PRODUCT_NAME = "argotlunar";
				SKIP_INSTALL = YES;
				USE_HEADERMAP = NO;
			};
			name = Release;
		};
		EC5C5199AA7B7C9CEB178F04 /* Release */ = {
			isa = XCBuildConfiguration;
			buildSettings = {
				"CODE_SIGN_IDENTITY[sdk=iphoneos*]" = "";
				ASSETCATALOG_COMPILER_APPICON_NAME = AppIcon;
				CLANG_CXX_LANGUAGE_STANDARD = "c++14";
				CLANG_CXX_LIBRARY = "libc++";
				CLANG_LINK_OBJC_RUNTIME = NO;
				COMBINE_HIDPI_IMAGES = YES;
				CONFIGURATION_BUILD_DIR = "$(PROJECT_DIR)/build/$(CONFIGURATION)";
				DEAD_CODE_STRIPPING = YES;
				GCC_GENERATE_DEBUGGING_SYMBOLS = NO;
				GCC_OPTIMIZATION_LEVEL = s;
				GCC_PREPROCESSOR_DEFINITIONS = (
					"_NDEBUG=1",
					"NDEBUG=1",
					"JUCE_CONTENT_SHARING=1",
					"JUCE_MODAL_LOOPS_PERMITTED=1",
					"JUCER_XCODE_IPHONE_5BC26AE3=1",
					"JUCE_APP_VERSION=2.0.6",
					"JUCE_APP_VERSION_HEX=0x20006",
					"JucePlugin_Build_VST=0",
					"JucePlugin_Build_VST3=0",
					"JucePlugin_Build_AU=0",
					"JucePlugin_Build_AUv3=0",
					"JucePlugin_Build_RTAS=0",
					"JucePlugin_Build_AAX=0",
					"JucePlugin_Build_Standalone=0",
					"JucePlugin_Build_Unity=0",
				);
				GCC_VERSION = com.apple.compilers.llvm.clang.1_0;
				HEADER_SEARCH_PATHS = (
					"$(SRCROOT)/../../JuceLibraryCode",
					"$(SRCROOT)/../../JUCE/modules",
					"$(SRCROOT)/../../JUCE/modules/juce_audio_plugin_client",
					"$(inherited)",
				);
				LLVM_LTO = YES;
				MTL_HEADER_SEARCH_PATHS = "$(SRCROOT)/../../JuceLibraryCode $(SRCROOT)/../../JUCE/modules $(SRCROOT)/../../JUCE/modules/juce_audio_plugin_client";
				OTHER_LDFLAGS = "-largotlunar";
				PRODUCT_BUNDLE_IDENTIFIER = com.MichaelOurednik.Argotlunar;
				PRODUCT_NAME = "argotlunar";
				USE_HEADERMAP = NO;
			};
			name = Release;
		};
/* End XCBuildConfiguration section */

/* Begin XCConfigurationList section */
		367072FF74D9DDE8FD7B32E9 = {
			isa = XCConfigurationList;
			buildConfigurations = (
				EC5C5199AA7B7C9CEB178F04,
			);
			defaultConfigurationIsVisible = 0;
			defaultConfigurationName = Release;
		};
		AB1ADE361160BA009E043772 = {
			isa = XCConfigurationList;
			buildConfigurations = (
				129311B5F82160B89A755022,
			);
			defaultConfigurationIsVisible = 0;
			defaultConfigurationName = Release;
		};
		C9857168FAD16D206C2C4635 = {
			isa = XCConfigurationList;
			buildConfigurations = (
				2425482A73039F3EB0A44A05,
			);
			defaultConfigurationIsVisible = 0;
			defaultConfigurationName = Release;
		};
/* End XCConfigurationList section */
	};
	rootObject = 622678434E2B6E71C156AA5E /* Project object */;
}
